// !$*UTF8*$!
{
	archiveVersion = 1;
	classes = {
	};
	objectVersion = 46;
	objects = {

/* Begin PBXBuildFile section */
		F43431841D935C30004CFBD3 /* main.m in Sources */ = {isa = PBXBuildFile; fileRef = F43431831D935C30004CFBD3 /* main.m */; };
		F43431871D935C30004CFBD3 /* AppDelegate.m in Sources */ = {isa = PBXBuildFile; fileRef = F43431861D935C30004CFBD3 /* AppDelegate.m */; };
		F434318D1D935C30004CFBD3 /* Main.storyboard in Resources */ = {isa = PBXBuildFile; fileRef = F434318B1D935C30004CFBD3 /* Main.storyboard */; };
		F434318F1D935C30004CFBD3 /* Assets.xcassets in Resources */ = {isa = PBXBuildFile; fileRef = F434318E1D935C30004CFBD3 /* Assets.xcassets */; };
		F43431921D935C30004CFBD3 /* LaunchScreen.storyboard in Resources */ = {isa = PBXBuildFile; fileRef = F43431901D935C30004CFBD3 /* LaunchScreen.storyboard */; };
		F434319B1D935C5D004CFBD3 /* FirstViewController.m in Sources */ = {isa = PBXBuildFile; fileRef = F434319A1D935C5D004CFBD3 /* FirstViewController.m */; };
		F434319E1D935CBF004CFBD3 /* CustomizeAlertView.m in Sources */ = {isa = PBXBuildFile; fileRef = F434319D1D935CBF004CFBD3 /* CustomizeAlertView.m */; };
		F43552F01D946B100057709F /* UIColorCategory.m in Sources */ = {isa = PBXBuildFile; fileRef = F43552EF1D946B100057709F /* UIColorCategory.m */; };
		F43552F61D948E290057709F /* SecondViewController.m in Sources */ = {isa = PBXBuildFile; fileRef = F43552F51D948E290057709F /* SecondViewController.m */; };
/* End PBXBuildFile section */

/* Begin PBXFileReference section */
		F434317F1D935C30004CFBD3 /* CustomAlertView.app */ = {isa = PBXFileReference; explicitFileType = wrapper.application; includeInIndex = 0; path = CustomAlertView.app; sourceTree = BUILT_PRODUCTS_DIR; };
		F43431831D935C30004CFBD3 /* main.m */ = {isa = PBXFileReference; lastKnownFileType = sourcecode.c.objc; path = main.m; sourceTree = "<group>"; };
		F43431851D935C30004CFBD3 /* AppDelegate.h */ = {isa = PBXFileReference; lastKnownFileType = sourcecode.c.h; path = AppDelegate.h; sourceTree = "<group>"; };
		F43431861D935C30004CFBD3 /* AppDelegate.m */ = {isa = PBXFileReference; lastKnownFileType = sourcecode.c.objc; path = AppDelegate.m; sourceTree = "<group>"; };
		F434318C1D935C30004CFBD3 /* Base */ = {isa = PBXFileReference; lastKnownFileType = file.storyboard; name = Base; path = Base.lproj/Main.storyboard; sourceTree = "<group>"; };
		F434318E1D935C30004CFBD3 /* Assets.xcassets */ = {isa = PBXFileReference; lastKnownFileType = folder.assetcatalog; path = Assets.xcassets; sourceTree = "<group>"; };
		F43431911D935C30004CFBD3 /* Base */ = {isa = PBXFileReference; lastKnownFileType = file.storyboard; name = Base; path = Base.lproj/LaunchScreen.storyboard; sourceTree = "<group>"; };
		F43431931D935C30004CFBD3 /* Info.plist */ = {isa = PBXFileReference; lastKnownFileType = text.plist.xml; path = Info.plist; sourceTree = "<group>"; };
		F43431991D935C5D004CFBD3 /* FirstViewController.h */ = {isa = PBXFileReference; fileEncoding = 4; lastKnownFileType = sourcecode.c.h; path = FirstViewController.h; sourceTree = "<group>"; };
		F434319A1D935C5D004CFBD3 /* FirstViewController.m */ = {isa = PBXFileReference; fileEncoding = 4; lastKnownFileType = sourcecode.c.objc; path = FirstViewController.m; sourceTree = "<group>"; };
		F434319C1D935CBF004CFBD3 /* CustomizeAlertView.h */ = {isa = PBXFileReference; fileEncoding = 4; lastKnownFileType = sourcecode.c.h; path = CustomizeAlertView.h; sourceTree = "<group>"; };
		F434319D1D935CBF004CFBD3 /* CustomizeAlertView.m */ = {isa = PBXFileReference; fileEncoding = 4; lastKnownFileType = sourcecode.c.objc; path = CustomizeAlertView.m; sourceTree = "<group>"; };
		F43552EE1D946B100057709F /* UIColorCategory.h */ = {isa = PBXFileReference; fileEncoding = 4; lastKnownFileType = sourcecode.c.h; path = UIColorCategory.h; sourceTree = "<group>"; };
		F43552EF1D946B100057709F /* UIColorCategory.m */ = {isa = PBXFileReference; fileEncoding = 4; lastKnownFileType = sourcecode.c.objc; path = UIColorCategory.m; sourceTree = "<group>"; };
		F43552F41D948E290057709F /* SecondViewController.h */ = {isa = PBXFileReference; fileEncoding = 4; lastKnownFileType = sourcecode.c.h; path = SecondViewController.h; sourceTree = "<group>"; };
		F43552F51D948E290057709F /* SecondViewController.m */ = {isa = PBXFileReference; fileEncoding = 4; lastKnownFileType = sourcecode.c.objc; path = SecondViewController.m; sourceTree = "<group>"; };
		F43552F71D94A2340057709F /* CONSTANTS.h */ = {isa = PBXFileReference; lastKnownFileType = sourcecode.c.h; path = CONSTANTS.h; sourceTree = "<group>"; };
/* End PBXFileReference section */

/* Begin PBXFrameworksBuildPhase section */
		F434317C1D935C30004CFBD3 /* Frameworks */ = {
			isa = PBXFrameworksBuildPhase;
			buildActionMask = 2147483647;
			files = (
			);
			runOnlyForDeploymentPostprocessing = 0;
		};
/* End PBXFrameworksBuildPhase section */

/* Begin PBXGroup section */
		F43431761D935C30004CFBD3 = {
			isa = PBXGroup;
			children = (
				F43431811D935C30004CFBD3 /* CustomAlertView */,
				F43431801D935C30004CFBD3 /* Products */,
			);
			sourceTree = "<group>";
		};
		F43431801D935C30004CFBD3 /* Products */ = {
			isa = PBXGroup;
			children = (
				F434317F1D935C30004CFBD3 /* CustomAlertView.app */,
			);
			name = Products;
			sourceTree = "<group>";
		};
		F43431811D935C30004CFBD3 /* CustomAlertView */ = {
			isa = PBXGroup;
			children = (
				F43431851D935C30004CFBD3 /* AppDelegate.h */,
				F43431861D935C30004CFBD3 /* AppDelegate.m */,
				F434318B1D935C30004CFBD3 /* Main.storyboard */,
				F434318E1D935C30004CFBD3 /* Assets.xcassets */,
				F43431901D935C30004CFBD3 /* LaunchScreen.storyboard */,
				F43431931D935C30004CFBD3 /* Info.plist */,
				F43431821D935C30004CFBD3 /* Supporting Files */,
				F43431991D935C5D004CFBD3 /* FirstViewController.h */,
				F434319A1D935C5D004CFBD3 /* FirstViewController.m */,
				F434319C1D935CBF004CFBD3 /* CustomizeAlertView.h */,
				F434319D1D935CBF004CFBD3 /* CustomizeAlertView.m */,
				F43552EE1D946B100057709F /* UIColorCategory.h */,
				F43552EF1D946B100057709F /* UIColorCategory.m */,
				F43552F41D948E290057709F /* SecondViewController.h */,
				F43552F51D948E290057709F /* SecondViewController.m */,
				F43552F71D94A2340057709F /* CONSTANTS.h */,
			);
			path = CustomAlertView;
			sourceTree = "<group>";
		};
		F43431821D935C30004CFBD3 /* Supporting Files */ = {
			isa = PBXGroup;
			children = (
				F43431831D935C30004CFBD3 /* main.m */,
			);
			name = "Supporting Files";
			sourceTree = "<group>";
		};
/* End PBXGroup section */

/* Begin PBXNativeTarget section */
		F434317E1D935C30004CFBD3 /* CustomAlertView */ = {
			isa = PBXNativeTarget;
			buildConfigurationList = F43431961D935C30004CFBD3 /* Build configuration list for PBXNativeTarget "CustomAlertView" */;
			buildPhases = (
				F434317B1D935C30004CFBD3 /* Sources */,
				F434317C1D935C30004CFBD3 /* Frameworks */,
				F434317D1D935C30004CFBD3 /* Resources */,
			);
			buildRules = (
			);
			dependencies = (
			);
			name = CustomAlertView;
			productName = CustomAlertView;
			productReference = F434317F1D935C30004CFBD3 /* CustomAlertView.app */;
			productType = "com.apple.product-type.application";
		};
/* End PBXNativeTarget section */

/* Begin PBXProject section */
		F43431771D935C30004CFBD3 /* Project object */ = {
			isa = PBXProject;
			attributes = {
				LastUpgradeCheck = 0730;
				ORGANIZATIONNAME = "komal lunkad";
				TargetAttributes = {
					F434317E1D935C30004CFBD3 = {
						CreatedOnToolsVersion = 7.3.1;
					};
				};
			};
			buildConfigurationList = F434317A1D935C30004CFBD3 /* Build configuration list for PBXProject "CustomAlertView" */;
			compatibilityVersion = "Xcode 3.2";
			developmentRegion = English;
			hasScannedForEncodings = 0;
			knownRegions = (
				en,
				Base,
			);
			mainGroup = F43431761D935C30004CFBD3;
			productRefGroup = F43431801D935C30004CFBD3 /* Products */;
			projectDirPath = "";
			projectRoot = "";
			targets = (
				F434317E1D935C30004CFBD3 /* CustomAlertView */,
			);
		};
/* End PBXProject section */

/* Begin PBXResourcesBuildPhase section */
		F434317D1D935C30004CFBD3 /* Resources */ = {
			isa = PBXResourcesBuildPhase;
			buildActionMask = 2147483647;
			files = (
				F43431921D935C30004CFBD3 /* LaunchScreen.storyboard in Resources */,
				F434318F1D935C30004CFBD3 /* Assets.xcassets in Resources */,
				F434318D1D935C30004CFBD3 /* Main.storyboard in Resources */,
			);
			runOnlyForDeploymentPostprocessing = 0;
		};
/* End PBXResourcesBuildPhase section */

/* Begin PBXSourcesBuildPhase section */
		F434317B1D935C30004CFBD3 /* Sources */ = {
			isa = PBXSourcesBuildPhase;
			buildActionMask = 2147483647;
			files = (
				F43431871D935C30004CFBD3 /* AppDelegate.m in Sources */,
				F43431841D935C30004CFBD3 /* main.m in Sources */,
				F43552F61D948E290057709F /* SecondViewController.m in Sources */,
				F43552F01D946B100057709F /* UIColorCategory.m in Sources */,
				F434319B1D935C5D004CFBD3 /* FirstViewController.m in Sources */,
				F434319E1D935CBF004CFBD3 /* CustomizeAlertView.m in Sources */,
			);
			runOnlyForDeploymentPostprocessing = 0;
		};
/* End PBXSourcesBuildPhase section */

/* Begin PBXVariantGroup section */
		F434318B1D935C30004CFBD3 /* Main.storyboard */ = {
			isa = PBXVariantGroup;
			children = (
				F434318C1D935C30004CFBD3 /* Base */,
			);
			name = Main.storyboard;
			sourceTree = "<group>";
		};
		F43431901D935C30004CFBD3 /* LaunchScreen.storyboard */ = {
			isa = PBXVariantGroup;
			children = (
				F43431911D935C30004CFBD3 /* Base */,
			);
			name = LaunchScreen.storyboard;
			sourceTree = "<group>";
		};
/* End PBXVariantGroup section */

/* Begin XCBuildConfiguration section */
		F43431941D935C30004CFBD3 /* Debug */ = {
			isa = XCBuildConfiguration;
			buildSettings = {
				ALWAYS_SEARCH_USER_PATHS = NO;
				CLANG_ANALYZER_NONNULL = YES;
				CLANG_CXX_LANGUAGE_STANDARD = "gnu++0x";
				CLANG_CXX_LIBRARY = "libc++";
				CLANG_ENABLE_MODULES = YES;
				CLANG_ENABLE_OBJC_ARC = YES;
				CLANG_WARN_BOOL_CONVERSION = YES;
				CLANG_WARN_CONSTANT_CONVERSION = YES;
				CLANG_WARN_DIRECT_OBJC_ISA_USAGE = YES_ERROR;
				CLANG_WARN_EMPTY_BODY = YES;
				CLANG_WARN_ENUM_CONVERSION = YES;
				CLANG_WARN_INT_CONVERSION = YES;
				CLANG_WARN_OBJC_ROOT_CLASS = YES_ERROR;
				CLANG_WARN_UNREACHABLE_CODE = YES;
				CLANG_WARN__DUPLICATE_METHOD_MATCH = YES;
				"CODE_SIGN_IDENTITY[sdk=iphoneos*]" = "iPhone Developer";
				COPY_PHASE_STRIP = NO;
				DEBUG_INFORMATION_FORMAT = dwarf;
				ENABLE_STRICT_OBJC_MSGSEND = YES;
				ENABLE_TESTABILITY = YES;
				GCC_C_LANGUAGE_STANDARD = gnu99;
				GCC_DYNAMIC_NO_PIC = NO;
				GCC_NO_COMMON_BLOCKS = YES;
				GCC_OPTIMIZATION_LEVEL = 0;
				GCC_PREPROCESSOR_DEFINITIONS = (
					"DEBUG=1",
					"$(inherited)",
				);
				GCC_WARN_64_TO_32_BIT_CONVERSION = YES;
				GCC_WARN_ABOUT_RETURN_TYPE = YES_ERROR;
				GCC_WARN_UNDECLARED_SELECTOR = YES;
				GCC_WARN_UNINITIALIZED_AUTOS = YES_AGGRESSIVE;
				GCC_WARN_UNUSED_FUNCTION = YES;
				GCC_WARN_UNUSED_VARIABLE = YES;
				IPHONEOS_DEPLOYMENT_TARGET = 9.3;
				MTL_ENABLE_DEBUG_INFO = YES;
				ONLY_ACTIVE_ARCH = YES;
				SDKROOT = iphoneos;
				TARGETED_DEVICE_FAMILY = "1,2";
			};
			name = Debug;
		};
		F43431951D935C30004CFBD3 /* Release */ = {
			isa = XCBuildConfiguration;
			buildSettings = {
				ALWAYS_SEARCH_USER_PATHS = NO;
				CLANG_ANALYZER_NONNULL = YES;
				CLANG_CXX_LANGUAGE_STANDARD = "gnu++0x";
				CLANG_CXX_LIBRARY = "libc++";
				CLANG_ENABLE_MODULES = YES;
				CLANG_ENABLE_OBJC_ARC = YES;
				CLANG_WARN_BOOL_CONVERSION = YES;
				CLANG_WARN_CONSTANT_CONVERSION = YES;
				CLANG_WARN_DIRECT_OBJC_ISA_USAGE = YES_ERROR;
				CLANG_WARN_EMPTY_BODY = YES;
				CLANG_WARN_ENUM_CONVERSION = YES;
				CLANG_WARN_INT_CONVERSION = YES;
				CLANG_WARN_OBJC_ROOT_CLASS = YES_ERROR;
				CLANG_WARN_UNREACHABLE_CODE = YES;
				CLANG_WARN__DUPLICATE_METHOD_MATCH = YES;
				"CODE_SIGN_IDENTITY[sdk=iphoneos*]" = "iPhone Developer";
				COPY_PHASE_STRIP = NO;
				DEBUG_INFORMATION_FORMAT = "dwarf-with-dsym";
				ENABLE_NS_ASSERTIONS = NO;
				ENABLE_STRICT_OBJC_MSGSEND = YES;
				GCC_C_LANGUAGE_STANDARD = gnu99;
				GCC_NO_COMMON_BLOCKS = YES;
				GCC_WARN_64_TO_32_BIT_CONVERSION = YES;
				GCC_WARN_ABOUT_RETURN_TYPE = YES_ERROR;
				GCC_WARN_UNDECLARED_SELECTOR = YES;
				GCC_WARN_UNINITIALIZED_AUTOS = YES_AGGRESSIVE;
				GCC_WARN_UNUSED_FUNCTION = YES;
				GCC_WARN_UNUSED_VARIABLE = YES;
				IPHONEOS_DEPLOYMENT_TARGET = 9.3;
				MTL_ENABLE_DEBUG_INFO = NO;
				SDKROOT = iphoneos;
				TARGETED_DEVICE_FAMILY = "1,2";
				VALIDATE_PRODUCT = YES;
			};
			name = Release;
		};
		F43431971D935C30004CFBD3 /* Debug */ = {
			isa = XCBuildConfiguration;
			buildSettings = {
				ASSETCATALOG_COMPILER_APPICON_NAME = AppIcon;
				INFOPLIST_FILE = CustomAlertView/Info.plist;
				LD_RUNPATH_SEARCH_PATHS = "$(inherited) @executable_path/Frameworks";
				PRODUCT_BUNDLE_IDENTIFIER = com.webonise.CustomAlertView;
				PRODUCT_NAME = "$(TARGET_NAME)";
			};
			name = Debug;
		};
		F43431981D935C30004CFBD3 /* Release */ = {
			isa = XCBuildConfiguration;
			buildSettings = {
				ASSETCATALOG_COMPILER_APPICON_NAME = AppIcon;
				INFOPLIST_FILE = CustomAlertView/Info.plist;
				LD_RUNPATH_SEARCH_PATHS = "$(inherited) @executable_path/Frameworks";
				PRODUCT_BUNDLE_IDENTIFIER = com.webonise.CustomAlertView;
				PRODUCT_NAME = "$(TARGET_NAME)";
			};
			name = Release;
		};
/* End XCBuildConfiguration section */

/* Begin XCConfigurationList section */
		F434317A1D935C30004CFBD3 /* Build configuration list for PBXProject "CustomAlertView" */ = {
			isa = XCConfigurationList;
			buildConfigurations = (
				F43431941D935C30004CFBD3 /* Debug */,
				F43431951D935C30004CFBD3 /* Release */,
			);
			defaultConfigurationIsVisible = 0;
			defaultConfigurationName = Release;
		};
		F43431961D935C30004CFBD3 /* Build configuration list for PBXNativeTarget "CustomAlertView" */ = {
			isa = XCConfigurationList;
			buildConfigurations = (
				F43431971D935C30004CFBD3 /* Debug */,
				F43431981D935C30004CFBD3 /* Release */,
			);
			defaultConfigurationIsVisible = 0;
			defaultConfigurationName = Release;
		};
/* End XCConfigurationList section */
	};
	rootObject = F43431771D935C30004CFBD3 /* Project object */;
}
